// !$*UTF8*$!
{
	archiveVersion = 1;
	classes = {
	};
	objectVersion = 52;
	objects = {

/* Begin PBXBuildFile section */
		C3ECF378243E8F5F00246449 /* AppDelegate.swift in Sources */ = {isa = PBXBuildFile; fileRef = C3ECF377243E8F5F00246449 /* AppDelegate.swift */; };
		C3ECF37A243E8F5F00246449 /* SceneDelegate.swift in Sources */ = {isa = PBXBuildFile; fileRef = C3ECF379243E8F5F00246449 /* SceneDelegate.swift */; };
		C3ECF37F243E8F5F00246449 /* Main.storyboard in Resources */ = {isa = PBXBuildFile; fileRef = C3ECF37D243E8F5F00246449 /* Main.storyboard */; };
		C3ECF381243E8F6100246449 /* Assets.xcassets in Resources */ = {isa = PBXBuildFile; fileRef = C3ECF380243E8F6100246449 /* Assets.xcassets */; };
		C3ECF38F243E8F6100246449 /* GithubSearcherTests.swift in Sources */ = {isa = PBXBuildFile; fileRef = C3ECF38E243E8F6100246449 /* GithubSearcherTests.swift */; };
		C3ECF39B243E93DC00246449 /* GithubUser.swift in Sources */ = {isa = PBXBuildFile; fileRef = C3ECF39A243E93DC00246449 /* GithubUser.swift */; };
		C3ECF39F243E97DB00246449 /* UserSearchResults.swift in Sources */ = {isa = PBXBuildFile; fileRef = C3ECF39E243E97DB00246449 /* UserSearchResults.swift */; };
		C3ECF3A7243E99EB00246449 /* UserSearchTableViewController.swift in Sources */ = {isa = PBXBuildFile; fileRef = C3ECF3A6243E99EB00246449 /* UserSearchTableViewController.swift */; };
		C3ECF3AA243EA45B00246449 /* UserSearchViewModel.swift in Sources */ = {isa = PBXBuildFile; fileRef = C3ECF3A9243EA45B00246449 /* UserSearchViewModel.swift */; };
		C3ECF3AD243EA4AE00246449 /* GitHubService.swift in Sources */ = {isa = PBXBuildFile; fileRef = C3ECF3AC243EA4AE00246449 /* GitHubService.swift */; };
		C3ECF3B0243EA61A00246449 /* Result.swift in Sources */ = {isa = PBXBuildFile; fileRef = C3ECF3AF243EA61A00246449 /* Result.swift */; };
		C3ECF3B2243EC98500246449 /* GitHubUserService.swift in Sources */ = {isa = PBXBuildFile; fileRef = C3ECF3B1243EC98500246449 /* GitHubUserService.swift */; };
		C3ECF3B4243ED24500246449 /* UserDetailViewController.swift in Sources */ = {isa = PBXBuildFile; fileRef = C3ECF3B3243ED24500246449 /* UserDetailViewController.swift */; };
		C3ECF3B6243ED8EE00246449 /* Repo.swift in Sources */ = {isa = PBXBuildFile; fileRef = C3ECF3B5243ED8EE00246449 /* Repo.swift */; };
		C3ECF3B8243EDC8900246449 /* UserDetailsViewModel.swift in Sources */ = {isa = PBXBuildFile; fileRef = C3ECF3B7243EDC8900246449 /* UserDetailsViewModel.swift */; };
		C3ECF3BB243EDE6000246449 /* UserInfoView.swift in Sources */ = {isa = PBXBuildFile; fileRef = C3ECF3BA243EDE6000246449 /* UserInfoView.swift */; };
		C3ECF3BD243EDE7600246449 /* UserInfoView.xib in Resources */ = {isa = PBXBuildFile; fileRef = C3ECF3BC243EDE7600246449 /* UserInfoView.xib */; };
		C3ECF3BF243EEF7A00246449 /* ReposTableViewController.swift in Sources */ = {isa = PBXBuildFile; fileRef = C3ECF3BE243EEF7A00246449 /* ReposTableViewController.swift */; };
		C3ECF3C1243F550800246449 /* JsonDecodingStrategy.swift in Sources */ = {isa = PBXBuildFile; fileRef = C3ECF3C0243F550800246449 /* JsonDecodingStrategy.swift */; };
		C3ECF3C3243F694800246449 /* GithubRequest.swift in Sources */ = {isa = PBXBuildFile; fileRef = C3ECF3C2243F694800246449 /* GithubRequest.swift */; };
		C3ECF3C6243F6DFF00246449 /* Kingfisher in Frameworks */ = {isa = PBXBuildFile; productRef = C3ECF3C5243F6DFF00246449 /* Kingfisher */; };
		C3ECF3C7243F6DFF00246449 /* Kingfisher in Embed Frameworks */ = {isa = PBXBuildFile; productRef = C3ECF3C5243F6DFF00246449 /* Kingfisher */; settings = {ATTRIBUTES = (CodeSignOnCopy, ); }; };
		C3ECF3CA243F87AF00246449 /* SigninViewController.swift in Sources */ = {isa = PBXBuildFile; fileRef = C3ECF3C9243F87AF00246449 /* SigninViewController.swift */; };
		C3ECF3CF243F9EAD00246449 /* LaunchScreen.storyboard in Resources */ = {isa = PBXBuildFile; fileRef = C3ECF3CE243F9EAD00246449 /* LaunchScreen.storyboard */; };
		C3ECF3D2243FAB2100246449 /* RepoTableViewCell.swift in Sources */ = {isa = PBXBuildFile; fileRef = C3ECF3D0243FAB2100246449 /* RepoTableViewCell.swift */; };
		C3ECF3D3243FAB2100246449 /* RepoTableViewCell.xib in Resources */ = {isa = PBXBuildFile; fileRef = C3ECF3D1243FAB2100246449 /* RepoTableViewCell.xib */; };
		C3ECF3D6243FB0FC00246449 /* UIViewControllerExtensions.swift in Sources */ = {isa = PBXBuildFile; fileRef = C3ECF3D5243FB0FC00246449 /* UIViewControllerExtensions.swift */; };
		C3ECF3D8243FB8C200246449 /* UITableViewExtensions.swift in Sources */ = {isa = PBXBuildFile; fileRef = C3ECF3D7243FB8C200246449 /* UITableViewExtensions.swift */; };
		C3ECF3DA243FC4D500246449 /* ReposViewModel.swift in Sources */ = {isa = PBXBuildFile; fileRef = C3ECF3D9243FC4D500246449 /* ReposViewModel.swift */; };
/* End PBXBuildFile section */

/* Begin PBXContainerItemProxy section */
		C3ECF38B243E8F6100246449 /* PBXContainerItemProxy */ = {
			isa = PBXContainerItemProxy;
			containerPortal = C3ECF36C243E8F5F00246449 /* Project object */;
			proxyType = 1;
			remoteGlobalIDString = C3ECF373243E8F5F00246449;
			remoteInfo = GithubSearcher;
		};
/* End PBXContainerItemProxy section */

/* Begin PBXCopyFilesBuildPhase section */
		C3ECF3C8243F6DFF00246449 /* Embed Frameworks */ = {
			isa = PBXCopyFilesBuildPhase;
			buildActionMask = 2147483647;
			dstPath = "";
			dstSubfolderSpec = 10;
			files = (
				C3ECF3C7243F6DFF00246449 /* Kingfisher in Embed Frameworks */,
			);
			name = "Embed Frameworks";
			runOnlyForDeploymentPostprocessing = 0;
		};
/* End PBXCopyFilesBuildPhase section */

/* Begin PBXFileReference section */
		C3ECF374243E8F5F00246449 /* GithubSearcher.app */ = {isa = PBXFileReference; explicitFileType = wrapper.application; includeInIndex = 0; path = GithubSearcher.app; sourceTree = BUILT_PRODUCTS_DIR; };
		C3ECF377243E8F5F00246449 /* AppDelegate.swift */ = {isa = PBXFileReference; lastKnownFileType = sourcecode.swift; path = AppDelegate.swift; sourceTree = "<group>"; };
		C3ECF379243E8F5F00246449 /* SceneDelegate.swift */ = {isa = PBXFileReference; lastKnownFileType = sourcecode.swift; path = SceneDelegate.swift; sourceTree = "<group>"; };
		C3ECF37E243E8F5F00246449 /* Base */ = {isa = PBXFileReference; lastKnownFileType = file.storyboard; name = Base; path = Base.lproj/Main.storyboard; sourceTree = "<group>"; };
		C3ECF380243E8F6100246449 /* Assets.xcassets */ = {isa = PBXFileReference; lastKnownFileType = folder.assetcatalog; path = Assets.xcassets; sourceTree = "<group>"; };
		C3ECF385243E8F6100246449 /* Info.plist */ = {isa = PBXFileReference; lastKnownFileType = text.plist.xml; path = Info.plist; sourceTree = "<group>"; };
		C3ECF38A243E8F6100246449 /* GithubSearcherTests.xctest */ = {isa = PBXFileReference; explicitFileType = wrapper.cfbundle; includeInIndex = 0; path = GithubSearcherTests.xctest; sourceTree = BUILT_PRODUCTS_DIR; };
		C3ECF38E243E8F6100246449 /* GithubSearcherTests.swift */ = {isa = PBXFileReference; lastKnownFileType = sourcecode.swift; path = GithubSearcherTests.swift; sourceTree = "<group>"; };
		C3ECF390243E8F6100246449 /* Info.plist */ = {isa = PBXFileReference; lastKnownFileType = text.plist.xml; path = Info.plist; sourceTree = "<group>"; };
		C3ECF39A243E93DC00246449 /* GithubUser.swift */ = {isa = PBXFileReference; lastKnownFileType = sourcecode.swift; path = GithubUser.swift; sourceTree = "<group>"; };
		C3ECF39E243E97DB00246449 /* UserSearchResults.swift */ = {isa = PBXFileReference; lastKnownFileType = sourcecode.swift; path = UserSearchResults.swift; sourceTree = "<group>"; };
		C3ECF3A6243E99EB00246449 /* UserSearchTableViewController.swift */ = {isa = PBXFileReference; lastKnownFileType = sourcecode.swift; path = UserSearchTableViewController.swift; sourceTree = "<group>"; };
		C3ECF3A9243EA45B00246449 /* UserSearchViewModel.swift */ = {isa = PBXFileReference; lastKnownFileType = sourcecode.swift; path = UserSearchViewModel.swift; sourceTree = "<group>"; };
		C3ECF3AC243EA4AE00246449 /* GitHubService.swift */ = {isa = PBXFileReference; lastKnownFileType = sourcecode.swift; path = GitHubService.swift; sourceTree = "<group>"; };
		C3ECF3AF243EA61A00246449 /* Result.swift */ = {isa = PBXFileReference; lastKnownFileType = sourcecode.swift; path = Result.swift; sourceTree = "<group>"; };
		C3ECF3B1243EC98500246449 /* GitHubUserService.swift */ = {isa = PBXFileReference; lastKnownFileType = sourcecode.swift; path = GitHubUserService.swift; sourceTree = "<group>"; };
		C3ECF3B3243ED24500246449 /* UserDetailViewController.swift */ = {isa = PBXFileReference; lastKnownFileType = sourcecode.swift; path = UserDetailViewController.swift; sourceTree = "<group>"; };
		C3ECF3B5243ED8EE00246449 /* Repo.swift */ = {isa = PBXFileReference; lastKnownFileType = sourcecode.swift; path = Repo.swift; sourceTree = "<group>"; };
		C3ECF3B7243EDC8900246449 /* UserDetailsViewModel.swift */ = {isa = PBXFileReference; lastKnownFileType = sourcecode.swift; path = UserDetailsViewModel.swift; sourceTree = "<group>"; };
		C3ECF3BA243EDE6000246449 /* UserInfoView.swift */ = {isa = PBXFileReference; lastKnownFileType = sourcecode.swift; path = UserInfoView.swift; sourceTree = "<group>"; };
		C3ECF3BC243EDE7600246449 /* UserInfoView.xib */ = {isa = PBXFileReference; lastKnownFileType = file.xib; path = UserInfoView.xib; sourceTree = "<group>"; };
		C3ECF3BE243EEF7A00246449 /* ReposTableViewController.swift */ = {isa = PBXFileReference; lastKnownFileType = sourcecode.swift; path = ReposTableViewController.swift; sourceTree = "<group>"; };
		C3ECF3C0243F550800246449 /* JsonDecodingStrategy.swift */ = {isa = PBXFileReference; lastKnownFileType = sourcecode.swift; path = JsonDecodingStrategy.swift; sourceTree = "<group>"; };
		C3ECF3C2243F694800246449 /* GithubRequest.swift */ = {isa = PBXFileReference; lastKnownFileType = sourcecode.swift; path = GithubRequest.swift; sourceTree = "<group>"; };
		C3ECF3C9243F87AF00246449 /* SigninViewController.swift */ = {isa = PBXFileReference; lastKnownFileType = sourcecode.swift; path = SigninViewController.swift; sourceTree = "<group>"; };
		C3ECF3CB243F8EA700246449 /* GithubSearcher.entitlements */ = {isa = PBXFileReference; lastKnownFileType = text.plist.entitlements; path = GithubSearcher.entitlements; sourceTree = "<group>"; };
		C3ECF3CE243F9EAD00246449 /* LaunchScreen.storyboard */ = {isa = PBXFileReference; lastKnownFileType = file.storyboard; path = LaunchScreen.storyboard; sourceTree = "<group>"; };
		C3ECF3D0243FAB2100246449 /* RepoTableViewCell.swift */ = {isa = PBXFileReference; lastKnownFileType = sourcecode.swift; path = RepoTableViewCell.swift; sourceTree = "<group>"; };
		C3ECF3D1243FAB2100246449 /* RepoTableViewCell.xib */ = {isa = PBXFileReference; lastKnownFileType = file.xib; path = RepoTableViewCell.xib; sourceTree = "<group>"; };
		C3ECF3D5243FB0FC00246449 /* UIViewControllerExtensions.swift */ = {isa = PBXFileReference; lastKnownFileType = sourcecode.swift; path = UIViewControllerExtensions.swift; sourceTree = "<group>"; };
		C3ECF3D7243FB8C200246449 /* UITableViewExtensions.swift */ = {isa = PBXFileReference; lastKnownFileType = sourcecode.swift; path = UITableViewExtensions.swift; sourceTree = "<group>"; };
		C3ECF3D9243FC4D500246449 /* ReposViewModel.swift */ = {isa = PBXFileReference; lastKnownFileType = sourcecode.swift; path = ReposViewModel.swift; sourceTree = "<group>"; };
/* End PBXFileReference section */

/* Begin PBXFrameworksBuildPhase section */
		C3ECF371243E8F5F00246449 /* Frameworks */ = {
			isa = PBXFrameworksBuildPhase;
			buildActionMask = 2147483647;
			files = (
				C3ECF3C6243F6DFF00246449 /* Kingfisher in Frameworks */,
			);
			runOnlyForDeploymentPostprocessing = 0;
		};
		C3ECF387243E8F6100246449 /* Frameworks */ = {
			isa = PBXFrameworksBuildPhase;
			buildActionMask = 2147483647;
			files = (
			);
			runOnlyForDeploymentPostprocessing = 0;
		};
/* End PBXFrameworksBuildPhase section */

/* Begin PBXGroup section */
		C3ECF36B243E8F5F00246449 = {
			isa = PBXGroup;
			children = (
				C3ECF376243E8F5F00246449 /* GithubSearcher */,
				C3ECF38D243E8F6100246449 /* GithubSearcherTests */,
				C3ECF375243E8F5F00246449 /* Products */,
			);
			sourceTree = "<group>";
		};
		C3ECF375243E8F5F00246449 /* Products */ = {
			isa = PBXGroup;
			children = (
				C3ECF374243E8F5F00246449 /* GithubSearcher.app */,
				C3ECF38A243E8F6100246449 /* GithubSearcherTests.xctest */,
			);
			name = Products;
			sourceTree = "<group>";
		};
		C3ECF376243E8F5F00246449 /* GithubSearcher */ = {
			isa = PBXGroup;
			children = (
				C3ECF3CB243F8EA700246449 /* GithubSearcher.entitlements */,
				C3ECF3D4243FB0D000246449 /* Extensions */,
				C3ECF3B9243EDDF100246449 /* Views */,
				C3ECF3AE243EA5F400246449 /* Networking */,
				C3ECF3AB243EA49200246449 /* Services */,
				C3ECF3A8243EA42900246449 /* ViewModels */,
				C3ECF3A5243E99B600246449 /* Controllers */,
				C3ECF399243E914E00246449 /* Models */,
				C3ECF377243E8F5F00246449 /* AppDelegate.swift */,
				C3ECF379243E8F5F00246449 /* SceneDelegate.swift */,
				C3ECF3CE243F9EAD00246449 /* LaunchScreen.storyboard */,
				C3ECF37D243E8F5F00246449 /* Main.storyboard */,
				C3ECF380243E8F6100246449 /* Assets.xcassets */,
				C3ECF385243E8F6100246449 /* Info.plist */,
			);
			path = GithubSearcher;
			sourceTree = "<group>";
		};
		C3ECF38D243E8F6100246449 /* GithubSearcherTests */ = {
			isa = PBXGroup;
			children = (
				C3ECF38E243E8F6100246449 /* GithubSearcherTests.swift */,
				C3ECF390243E8F6100246449 /* Info.plist */,
			);
			path = GithubSearcherTests;
			sourceTree = "<group>";
		};
		C3ECF399243E914E00246449 /* Models */ = {
			isa = PBXGroup;
			children = (
				C3ECF39A243E93DC00246449 /* GithubUser.swift */,
				C3ECF39E243E97DB00246449 /* UserSearchResults.swift */,
				C3ECF3B5243ED8EE00246449 /* Repo.swift */,
			);
			path = Models;
			sourceTree = "<group>";
		};
		C3ECF3A5243E99B600246449 /* Controllers */ = {
			isa = PBXGroup;
			children = (
				C3ECF3A6243E99EB00246449 /* UserSearchTableViewController.swift */,
				C3ECF3B3243ED24500246449 /* UserDetailViewController.swift */,
				C3ECF3BE243EEF7A00246449 /* ReposTableViewController.swift */,
				C3ECF3C9243F87AF00246449 /* SigninViewController.swift */,
			);
			path = Controllers;
			sourceTree = "<group>";
		};
		C3ECF3A8243EA42900246449 /* ViewModels */ = {
			isa = PBXGroup;
			children = (
				C3ECF3A9243EA45B00246449 /* UserSearchViewModel.swift */,
				C3ECF3B7243EDC8900246449 /* UserDetailsViewModel.swift */,
				C3ECF3D9243FC4D500246449 /* ReposViewModel.swift */,
			);
			path = ViewModels;
			sourceTree = "<group>";
		};
		C3ECF3AB243EA49200246449 /* Services */ = {
			isa = PBXGroup;
			children = (
				C3ECF3AC243EA4AE00246449 /* GitHubService.swift */,
				C3ECF3B1243EC98500246449 /* GitHubUserService.swift */,
			);
			path = Services;
			sourceTree = "<group>";
		};
		C3ECF3AE243EA5F400246449 /* Networking */ = {
			isa = PBXGroup;
			children = (
				C3ECF3AF243EA61A00246449 /* Result.swift */,
				C3ECF3C0243F550800246449 /* JsonDecodingStrategy.swift */,
				C3ECF3C2243F694800246449 /* GithubRequest.swift */,
			);
			path = Networking;
			sourceTree = "<group>";
		};
		C3ECF3B9243EDDF100246449 /* Views */ = {
			isa = PBXGroup;
			children = (
				C3ECF3BA243EDE6000246449 /* UserInfoView.swift */,
				C3ECF3BC243EDE7600246449 /* UserInfoView.xib */,
				C3ECF3D0243FAB2100246449 /* RepoTableViewCell.swift */,
				C3ECF3D1243FAB2100246449 /* RepoTableViewCell.xib */,
			);
			path = Views;
			sourceTree = "<group>";
		};
		C3ECF3D4243FB0D000246449 /* Extensions */ = {
			isa = PBXGroup;
			children = (
				C3ECF3D5243FB0FC00246449 /* UIViewControllerExtensions.swift */,
				C3ECF3D7243FB8C200246449 /* UITableViewExtensions.swift */,
			);
			path = Extensions;
			sourceTree = "<group>";
		};
/* End PBXGroup section */

/* Begin PBXNativeTarget section */
		C3ECF373243E8F5F00246449 /* GithubSearcher */ = {
			isa = PBXNativeTarget;
			buildConfigurationList = C3ECF393243E8F6100246449 /* Build configuration list for PBXNativeTarget "GithubSearcher" */;
			buildPhases = (
				C3ECF370243E8F5F00246449 /* Sources */,
				C3ECF371243E8F5F00246449 /* Frameworks */,
				C3ECF372243E8F5F00246449 /* Resources */,
				C3ECF3C8243F6DFF00246449 /* Embed Frameworks */,
			);
			buildRules = (
			);
			dependencies = (
			);
			name = GithubSearcher;
			packageProductDependencies = (
				C3ECF3C5243F6DFF00246449 /* Kingfisher */,
			);
			productName = GithubSearcher;
			productReference = C3ECF374243E8F5F00246449 /* GithubSearcher.app */;
			productType = "com.apple.product-type.application";
		};
		C3ECF389243E8F6100246449 /* GithubSearcherTests */ = {
			isa = PBXNativeTarget;
			buildConfigurationList = C3ECF396243E8F6100246449 /* Build configuration list for PBXNativeTarget "GithubSearcherTests" */;
			buildPhases = (
				C3ECF386243E8F6100246449 /* Sources */,
				C3ECF387243E8F6100246449 /* Frameworks */,
				C3ECF388243E8F6100246449 /* Resources */,
			);
			buildRules = (
			);
			dependencies = (
				C3ECF38C243E8F6100246449 /* PBXTargetDependency */,
			);
			name = GithubSearcherTests;
			productName = GithubSearcherTests;
			productReference = C3ECF38A243E8F6100246449 /* GithubSearcherTests.xctest */;
			productType = "com.apple.product-type.bundle.unit-test";
		};
/* End PBXNativeTarget section */

/* Begin PBXProject section */
		C3ECF36C243E8F5F00246449 /* Project object */ = {
			isa = PBXProject;
			attributes = {
				LastSwiftUpdateCheck = 1140;
				LastUpgradeCheck = 1140;
				ORGANIZATIONNAME = "praveen velanati";
				TargetAttributes = {
					C3ECF373243E8F5F00246449 = {
						CreatedOnToolsVersion = 11.4;
					};
					C3ECF389243E8F6100246449 = {
						CreatedOnToolsVersion = 11.4;
						TestTargetID = C3ECF373243E8F5F00246449;
					};
				};
			};
			buildConfigurationList = C3ECF36F243E8F5F00246449 /* Build configuration list for PBXProject "GithubSearcher" */;
			compatibilityVersion = "Xcode 9.3";
			developmentRegion = en;
			hasScannedForEncodings = 0;
			knownRegions = (
				en,
				Base,
			);
			mainGroup = C3ECF36B243E8F5F00246449;
			packageReferences = (
				C3ECF3C4243F6DFE00246449 /* XCRemoteSwiftPackageReference "Kingfisher" */,
			);
			productRefGroup = C3ECF375243E8F5F00246449 /* Products */;
			projectDirPath = "";
			projectRoot = "";
			targets = (
				C3ECF373243E8F5F00246449 /* GithubSearcher */,
				C3ECF389243E8F6100246449 /* GithubSearcherTests */,
			);
		};
/* End PBXProject section */

/* Begin PBXResourcesBuildPhase section */
		C3ECF372243E8F5F00246449 /* Resources */ = {
			isa = PBXResourcesBuildPhase;
			buildActionMask = 2147483647;
			files = (
				C3ECF381243E8F6100246449 /* Assets.xcassets in Resources */,
				C3ECF37F243E8F5F00246449 /* Main.storyboard in Resources */,
				C3ECF3CF243F9EAD00246449 /* LaunchScreen.storyboard in Resources */,
				C3ECF3BD243EDE7600246449 /* UserInfoView.xib in Resources */,
				C3ECF3D3243FAB2100246449 /* RepoTableViewCell.xib in Resources */,
			);
			runOnlyForDeploymentPostprocessing = 0;
		};
		C3ECF388243E8F6100246449 /* Resources */ = {
			isa = PBXResourcesBuildPhase;
			buildActionMask = 2147483647;
			files = (
			);
			runOnlyForDeploymentPostprocessing = 0;
		};
/* End PBXResourcesBuildPhase section */

/* Begin PBXSourcesBuildPhase section */
		C3ECF370243E8F5F00246449 /* Sources */ = {
			isa = PBXSourcesBuildPhase;
			buildActionMask = 2147483647;
			files = (
				C3ECF3B6243ED8EE00246449 /* Repo.swift in Sources */,
				C3ECF39F243E97DB00246449 /* UserSearchResults.swift in Sources */,
				C3ECF3B8243EDC8900246449 /* UserDetailsViewModel.swift in Sources */,
				C3ECF3BF243EEF7A00246449 /* ReposTableViewController.swift in Sources */,
				C3ECF39B243E93DC00246449 /* GithubUser.swift in Sources */,
				C3ECF3D2243FAB2100246449 /* RepoTableViewCell.swift in Sources */,
				C3ECF3B2243EC98500246449 /* GitHubUserService.swift in Sources */,
				C3ECF3D6243FB0FC00246449 /* UIViewControllerExtensions.swift in Sources */,
				C3ECF378243E8F5F00246449 /* AppDelegate.swift in Sources */,
				C3ECF37A243E8F5F00246449 /* SceneDelegate.swift in Sources */,
				C3ECF3A7243E99EB00246449 /* UserSearchTableViewController.swift in Sources */,
				C3ECF3B4243ED24500246449 /* UserDetailViewController.swift in Sources */,
				C3ECF3C3243F694800246449 /* GithubRequest.swift in Sources */,
				C3ECF3AA243EA45B00246449 /* UserSearchViewModel.swift in Sources */,
				C3ECF3DA243FC4D500246449 /* ReposViewModel.swift in Sources */,
				C3ECF3C1243F550800246449 /* JsonDecodingStrategy.swift in Sources */,
				C3ECF3D8243FB8C200246449 /* UITableViewExtensions.swift in Sources */,
				C3ECF3CA243F87AF00246449 /* SigninViewController.swift in Sources */,
				C3ECF3BB243EDE6000246449 /* UserInfoView.swift in Sources */,
				C3ECF3B0243EA61A00246449 /* Result.swift in Sources */,
				C3ECF3AD243EA4AE00246449 /* GitHubService.swift in Sources */,
			);
			runOnlyForDeploymentPostprocessing = 0;
		};
		C3ECF386243E8F6100246449 /* Sources */ = {
			isa = PBXSourcesBuildPhase;
			buildActionMask = 2147483647;
			files = (
				C3ECF38F243E8F6100246449 /* GithubSearcherTests.swift in Sources */,
			);
			runOnlyForDeploymentPostprocessing = 0;
		};
/* End PBXSourcesBuildPhase section */

/* Begin PBXTargetDependency section */
		C3ECF38C243E8F6100246449 /* PBXTargetDependency */ = {
			isa = PBXTargetDependency;
			target = C3ECF373243E8F5F00246449 /* GithubSearcher */;
			targetProxy = C3ECF38B243E8F6100246449 /* PBXContainerItemProxy */;
		};
/* End PBXTargetDependency section */

/* Begin PBXVariantGroup section */
		C3ECF37D243E8F5F00246449 /* Main.storyboard */ = {
			isa = PBXVariantGroup;
			children = (
				C3ECF37E243E8F5F00246449 /* Base */,
			);
			name = Main.storyboard;
			sourceTree = "<group>";
		};
/* End PBXVariantGroup section */

/* Begin XCBuildConfiguration section */
		C3ECF391243E8F6100246449 /* Debug */ = {
			isa = XCBuildConfiguration;
			buildSettings = {
				ALWAYS_SEARCH_USER_PATHS = NO;
				CLANG_ANALYZER_NONNULL = YES;
				CLANG_ANALYZER_NUMBER_OBJECT_CONVERSION = YES_AGGRESSIVE;
				CLANG_CXX_LANGUAGE_STANDARD = "gnu++14";
				CLANG_CXX_LIBRARY = "libc++";
				CLANG_ENABLE_MODULES = YES;
				CLANG_ENABLE_OBJC_ARC = YES;
				CLANG_ENABLE_OBJC_WEAK = YES;
				CLANG_WARN_BLOCK_CAPTURE_AUTORELEASING = YES;
				CLANG_WARN_BOOL_CONVERSION = YES;
				CLANG_WARN_COMMA = YES;
				CLANG_WARN_CONSTANT_CONVERSION = YES;
				CLANG_WARN_DEPRECATED_OBJC_IMPLEMENTATIONS = YES;
				CLANG_WARN_DIRECT_OBJC_ISA_USAGE = YES_ERROR;
				CLANG_WARN_DOCUMENTATION_COMMENTS = YES;
				CLANG_WARN_EMPTY_BODY = YES;
				CLANG_WARN_ENUM_CONVERSION = YES;
				CLANG_WARN_INFINITE_RECURSION = YES;
				CLANG_WARN_INT_CONVERSION = YES;
				CLANG_WARN_NON_LITERAL_NULL_CONVERSION = YES;
				CLANG_WARN_OBJC_IMPLICIT_RETAIN_SELF = YES;
				CLANG_WARN_OBJC_LITERAL_CONVERSION = YES;
				CLANG_WARN_OBJC_ROOT_CLASS = YES_ERROR;
				CLANG_WARN_RANGE_LOOP_ANALYSIS = YES;
				CLANG_WARN_STRICT_PROTOTYPES = YES;
				CLANG_WARN_SUSPICIOUS_MOVE = YES;
				CLANG_WARN_UNGUARDED_AVAILABILITY = YES_AGGRESSIVE;
				CLANG_WARN_UNREACHABLE_CODE = YES;
				CLANG_WARN__DUPLICATE_METHOD_MATCH = YES;
				COPY_PHASE_STRIP = NO;
				DEBUG_INFORMATION_FORMAT = dwarf;
				ENABLE_STRICT_OBJC_MSGSEND = YES;
				ENABLE_TESTABILITY = YES;
				GCC_C_LANGUAGE_STANDARD = gnu11;
				GCC_DYNAMIC_NO_PIC = NO;
				GCC_NO_COMMON_BLOCKS = YES;
				GCC_OPTIMIZATION_LEVEL = 0;
				GCC_PREPROCESSOR_DEFINITIONS = (
					"DEBUG=1",
					"$(inherited)",
				);
				GCC_WARN_64_TO_32_BIT_CONVERSION = YES;
				GCC_WARN_ABOUT_RETURN_TYPE = YES_ERROR;
				GCC_WARN_UNDECLARED_SELECTOR = YES;
				GCC_WARN_UNINITIALIZED_AUTOS = YES_AGGRESSIVE;
				GCC_WARN_UNUSED_FUNCTION = YES;
				GCC_WARN_UNUSED_VARIABLE = YES;
				IPHONEOS_DEPLOYMENT_TARGET = 13.4;
				MTL_ENABLE_DEBUG_INFO = INCLUDE_SOURCE;
				MTL_FAST_MATH = YES;
				ONLY_ACTIVE_ARCH = YES;
				SDKROOT = iphoneos;
				SWIFT_ACTIVE_COMPILATION_CONDITIONS = DEBUG;
				SWIFT_OPTIMIZATION_LEVEL = "-Onone";
			};
			name = Debug;
		};
		C3ECF392243E8F6100246449 /* Release */ = {
			isa = XCBuildConfiguration;
			buildSettings = {
				ALWAYS_SEARCH_USER_PATHS = NO;
				CLANG_ANALYZER_NONNULL = YES;
				CLANG_ANALYZER_NUMBER_OBJECT_CONVERSION = YES_AGGRESSIVE;
				CLANG_CXX_LANGUAGE_STANDARD = "gnu++14";
				CLANG_CXX_LIBRARY = "libc++";
				CLANG_ENABLE_MODULES = YES;
				CLANG_ENABLE_OBJC_ARC = YES;
				CLANG_ENABLE_OBJC_WEAK = YES;
				CLANG_WARN_BLOCK_CAPTURE_AUTORELEASING = YES;
				CLANG_WARN_BOOL_CONVERSION = YES;
				CLANG_WARN_COMMA = YES;
				CLANG_WARN_CONSTANT_CONVERSION = YES;
				CLANG_WARN_DEPRECATED_OBJC_IMPLEMENTATIONS = YES;
				CLANG_WARN_DIRECT_OBJC_ISA_USAGE = YES_ERROR;
				CLANG_WARN_DOCUMENTATION_COMMENTS = YES;
				CLANG_WARN_EMPTY_BODY = YES;
				CLANG_WARN_ENUM_CONVERSION = YES;
				CLANG_WARN_INFINITE_RECURSION = YES;
				CLANG_WARN_INT_CONVERSION = YES;
				CLANG_WARN_NON_LITERAL_NULL_CONVERSION = YES;
				CLANG_WARN_OBJC_IMPLICIT_RETAIN_SELF = YES;
				CLANG_WARN_OBJC_LITERAL_CONVERSION = YES;
				CLANG_WARN_OBJC_ROOT_CLASS = YES_ERROR;
				CLANG_WARN_RANGE_LOOP_ANALYSIS = YES;
				CLANG_WARN_STRICT_PROTOTYPES = YES;
				CLANG_WARN_SUSPICIOUS_MOVE = YES;
				CLANG_WARN_UNGUARDED_AVAILABILITY = YES_AGGRESSIVE;
				CLANG_WARN_UNREACHABLE_CODE = YES;
				CLANG_WARN__DUPLICATE_METHOD_MATCH = YES;
				COPY_PHASE_STRIP = NO;
				DEBUG_INFORMATION_FORMAT = "dwarf-with-dsym";
				ENABLE_NS_ASSERTIONS = NO;
				ENABLE_STRICT_OBJC_MSGSEND = YES;
				GCC_C_LANGUAGE_STANDARD = gnu11;
				GCC_NO_COMMON_BLOCKS = YES;
				GCC_WARN_64_TO_32_BIT_CONVERSION = YES;
				GCC_WARN_ABOUT_RETURN_TYPE = YES_ERROR;
				GCC_WARN_UNDECLARED_SELECTOR = YES;
				GCC_WARN_UNINITIALIZED_AUTOS = YES_AGGRESSIVE;
				GCC_WARN_UNUSED_FUNCTION = YES;
				GCC_WARN_UNUSED_VARIABLE = YES;
				IPHONEOS_DEPLOYMENT_TARGET = 13.4;
				MTL_ENABLE_DEBUG_INFO = NO;
				MTL_FAST_MATH = YES;
				SDKROOT = iphoneos;
				SWIFT_COMPILATION_MODE = wholemodule;
				SWIFT_OPTIMIZATION_LEVEL = "-O";
				VALIDATE_PRODUCT = YES;
			};
			name = Release;
		};
		C3ECF394243E8F6100246449 /* Debug */ = {
			isa = XCBuildConfiguration;
			buildSettings = {
				ASSETCATALOG_COMPILER_APPICON_NAME = AppIcon;
				CODE_SIGN_ENTITLEMENTS = GithubSearcher/GithubSearcher.entitlements;
				CODE_SIGN_STYLE = Automatic;
				DEVELOPMENT_TEAM = 6KBX2U5F58;
				INFOPLIST_FILE = GithubSearcher/Info.plist;
				IPHONEOS_DEPLOYMENT_TARGET = 13.0;
				LD_RUNPATH_SEARCH_PATHS = (
					"$(inherited)",
					"@executable_path/Frameworks",
				);
				PRODUCT_BUNDLE_IDENTIFIER = PK.GithubSearcher;
				PRODUCT_NAME = "$(TARGET_NAME)";
				SWIFT_VERSION = 5.0;
				TARGETED_DEVICE_FAMILY = "1,2";
			};
			name = Debug;
		};
		C3ECF395243E8F6100246449 /* Release */ = {
			isa = XCBuildConfiguration;
			buildSettings = {
				ASSETCATALOG_COMPILER_APPICON_NAME = AppIcon;
				CODE_SIGN_ENTITLEMENTS = GithubSearcher/GithubSearcher.entitlements;
				CODE_SIGN_STYLE = Automatic;
				DEVELOPMENT_TEAM = 6KBX2U5F58;
				INFOPLIST_FILE = GithubSearcher/Info.plist;
				IPHONEOS_DEPLOYMENT_TARGET = 13.0;
				LD_RUNPATH_SEARCH_PATHS = (
					"$(inherited)",
					"@executable_path/Frameworks",
				);
				PRODUCT_BUNDLE_IDENTIFIER = PK.GithubSearcher;
				PRODUCT_NAME = "$(TARGET_NAME)";
				SWIFT_VERSION = 5.0;
				TARGETED_DEVICE_FAMILY = "1,2";
			};
			name = Release;
		};
		C3ECF397243E8F6100246449 /* Debug */ = {
			isa = XCBuildConfiguration;
			buildSettings = {
				ALWAYS_EMBED_SWIFT_STANDARD_LIBRARIES = YES;
				BUNDLE_LOADER = "$(TEST_HOST)";
				CODE_SIGN_STYLE = Automatic;
				DEVELOPMENT_TEAM = 6KBX2U5F58;
				INFOPLIST_FILE = GithubSearcherTests/Info.plist;
				IPHONEOS_DEPLOYMENT_TARGET = 13.4;
				LD_RUNPATH_SEARCH_PATHS = (
					"$(inherited)",
					"@executable_path/Frameworks",
					"@loader_path/Frameworks",
				);
				PRODUCT_BUNDLE_IDENTIFIER = PK.GithubSearcherTests;
				PRODUCT_NAME = "$(TARGET_NAME)";
				SWIFT_VERSION = 5.0;
				TARGETED_DEVICE_FAMILY = "1,2";
				TEST_HOST = "$(BUILT_PRODUCTS_DIR)/GithubSearcher.app/GithubSearcher";
			};
			name = Debug;
		};
		C3ECF398243E8F6100246449 /* Release */ = {
			isa = XCBuildConfiguration;
			buildSettings = {
				ALWAYS_EMBED_SWIFT_STANDARD_LIBRARIES = YES;
				BUNDLE_LOADER = "$(TEST_HOST)";
				CODE_SIGN_STYLE = Automatic;
				DEVELOPMENT_TEAM = 6KBX2U5F58;
				INFOPLIST_FILE = GithubSearcherTests/Info.plist;
				IPHONEOS_DEPLOYMENT_TARGET = 13.4;
				LD_RUNPATH_SEARCH_PATHS = (
					"$(inherited)",
					"@executable_path/Frameworks",
					"@loader_path/Frameworks",
				);
				PRODUCT_BUNDLE_IDENTIFIER = PK.GithubSearcherTests;
				PRODUCT_NAME = "$(TARGET_NAME)";
				SWIFT_VERSION = 5.0;
				TARGETED_DEVICE_FAMILY = "1,2";
				TEST_HOST = "$(BUILT_PRODUCTS_DIR)/GithubSearcher.app/GithubSearcher";
			};
			name = Release;
		};
/* End XCBuildConfiguration section */

/* Begin XCConfigurationList section */
		C3ECF36F243E8F5F00246449 /* Build configuration list for PBXProject "GithubSearcher" */ = {
			isa = XCConfigurationList;
			buildConfigurations = (
				C3ECF391243E8F6100246449 /* Debug */,
				C3ECF392243E8F6100246449 /* Release */,
			);
			defaultConfigurationIsVisible = 0;
			defaultConfigurationName = Release;
		};
		C3ECF393243E8F6100246449 /* Build configuration list for PBXNativeTarget "GithubSearcher" */ = {
			isa = XCConfigurationList;
			buildConfigurations = (
				C3ECF394243E8F6100246449 /* Debug */,
				C3ECF395243E8F6100246449 /* Release */,
			);
			defaultConfigurationIsVisible = 0;
			defaultConfigurationName = Release;
		};
		C3ECF396243E8F6100246449 /* Build configuration list for PBXNativeTarget "GithubSearcherTests" */ = {
			isa = XCConfigurationList;
			buildConfigurations = (
				C3ECF397243E8F6100246449 /* Debug */,
				C3ECF398243E8F6100246449 /* Release */,
			);
			defaultConfigurationIsVisible = 0;
			defaultConfigurationName = Release;
		};
/* End XCConfigurationList section */

/* Begin XCRemoteSwiftPackageReference section */
		C3ECF3C4243F6DFE00246449 /* XCRemoteSwiftPackageReference "Kingfisher" */ = {
			isa = XCRemoteSwiftPackageReference;
			repositoryURL = "https://github.com/onevcat/Kingfisher.git";
			requirement = {
				kind = upToNextMajorVersion;
				minimumVersion = 5.13.3;
			};
		};
/* End XCRemoteSwiftPackageReference section */

/* Begin XCSwiftPackageProductDependency section */
		C3ECF3C5243F6DFF00246449 /* Kingfisher */ = {
			isa = XCSwiftPackageProductDependency;
			package = C3ECF3C4243F6DFE00246449 /* XCRemoteSwiftPackageReference "Kingfisher" */;
			productName = Kingfisher;
		};
/* End XCSwiftPackageProductDependency section */
	};
	rootObject = C3ECF36C243E8F5F00246449 /* Project object */;
}
